
Microsoft Visual Studio Solution File, Format Version 12.00
# Visual Studio Version 17
VisualStudioVersion = 17.13.35919.96
MinimumVisualStudioVersion = 10.0.40219.1
Project("{8BC9CEB8-8B4A-11D0-8D11-00A0C91BC942}") = "Algorithm", "Algorithm.vcxproj", "{A45624A9-808E-4B9F-B4BC-BA37B0A0A46A}"
EndProject
Project("{8BC9CEB8-8B4A-11D0-8D11-00A0C91BC942}") = "Algorithm_1", "..\Algorithm_1\Algorithm_1.vcxproj", "{0CA7C42E-E27E-4A37-9E1D-B7C6E9C90A4F}"
EndProject
Project("{8BC9CEB8-8B4A-11D0-8D11-00A0C91BC942}") = "Algorithm_2", "..\Algorithm_2\Algorithm_2.vcxproj", "{3C22EFAB-EB9B-4F35-88BC-C3D2655A65D9}"
EndProject
Project("{8BC9CEB8-8B4A-11D0-8D11-00A0C91BC942}") = "Algorithm_3", "..\Algorithm_3\Algorithm_3.vcxproj", "{F34E15B1-C42B-428F-9DA4-5D347157D52A}"
EndProject
Project("{8BC9CEB8-8B4A-11D0-8D11-00A0C91BC942}") = "Algorithm_4", "..\Algorithm_4\Algorithm_4.vcxproj", "{D5809B1F-F1D4-42FB-A53F-31DAC9786975}"
EndProject
Project("{8BC9CEB8-8B4A-11D0-8D11-00A0C91BC942}") = "Algorithm_5", "..\Algorithm_5\Algorithm_5.vcxproj", "{BEA32B14-4F55-45B2-887D-B8941BD7EC86}"
EndProject
Project("{8BC9CEB8-8B4A-11D0-8D11-00A0C91BC942}") = "Algorithm_6", "..\Algorithm_6\Algorithm_6.vcxproj", "{75D82183-27BC-4E73-B272-0FE36012614F}"
EndProject
Project("{8BC9CEB8-8B4A-11D0-8D11-00A0C91BC942}") = "Algorithm_7", "..\Algorithm_7\Algorithm_7.vcxproj", "{EA6F0687-B832-4EB4-B46E-AE3B13ED32DD}"
EndProject
Project("{8BC9CEB8-8B4A-11D0-8D11-00A0C91BC942}") = "Algorithm_8", "..\Algorithm_8\Algorithm_8.vcxproj", "{7BA12EC7-1025-4EC7-BD7E-928455816427}"
EndProject
Project("{8BC9CEB8-8B4A-11D0-8D11-00A0C91BC942}") = "Algorithm_9", "..\Algorithm_9\Algorithm_9.vcxproj", "{0EE3C0DA-BFF2-4157-9D46-46783CFD9407}"
EndProject
Project("{8BC9CEB8-8B4A-11D0-8D11-00A0C91BC942}") = "Algorithm_10", "..\Algorithm_10\Algorithm_10.vcxproj", "{BDC74A13-0E41-4FF7-ADA0-7437A9945F0F}"
EndProject
Project("{8BC9CEB8-8B4A-11D0-8D11-00A0C91BC942}") = "Algorithm_11", "..\Algorithm_11\Algorithm_11.vcxproj", "{0C586781-2D5E-44A6-85FF-86A2DEA12D63}"
EndProject
Project("{8BC9CEB8-8B4A-11D0-8D11-00A0C91BC942}") = "Algorithm_12", "..\Algorithm_12\Algorithm_12.vcxproj", "{E7E640B6-2A41-4231-9746-3B42BCF05AFE}"
EndProject
Project("{8BC9CEB8-8B4A-11D0-8D11-00A0C91BC942}") = "Algorithm_13", "..\Algorithm_13\Algorithm_13.vcxproj", "{D327B921-1F8C-4A40-9503-07898107700C}"
EndProject
Project("{8BC9CEB8-8B4A-11D0-8D11-00A0C91BC942}") = "Algorithm_14", "..\Algorithm_14\Algorithm_14.vcxproj", "{DD1D8A08-FA7E-4518-99CA-2234986DD144}"
EndProject
Project("{8BC9CEB8-8B4A-11D0-8D11-00A0C91BC942}") = "Algorithm_15", "..\Algorithm_15\Algorithm_15.vcxproj", "{55D55AF7-C3F5-4A38-B113-CCE0BD3D171C}"
EndProject
Project("{8BC9CEB8-8B4A-11D0-8D11-00A0C91BC942}") = "Algorithm_16", "..\Algorithm_16\Algorithm_16.vcxproj", "{012859A0-B5DF-45F0-8766-8AC76661DD62}"
EndProject
Project("{8BC9CEB8-8B4A-11D0-8D11-00A0C91BC942}") = "Algorithm_17", "..\Algorithm_17\Algorithm_17.vcxproj", "{99F378BC-6211-49AA-AC3E-80BD89867CFE}"
EndProject
Project("{8BC9CEB8-8B4A-11D0-8D11-00A0C91BC942}") = "Algorithm_18", "..\Algorithm_18\Algorithm_18.vcxproj", "{EA7BEBC2-7F58-4952-B948-A1EB30F2E6DD}"
EndProject
Project("{8BC9CEB8-8B4A-11D0-8D11-00A0C91BC942}") = "Algorithm_19", "..\Algorithm_19\Algorithm_19.vcxproj", "{736CDAAF-1E9B-4595-9C26-EBFF0D58B7AC}"
EndProject
Global
	GlobalSection(SolutionConfigurationPlatforms) = preSolution
		Debug|x64 = Debug|x64
		Debug|x86 = Debug|x86
		Release|x64 = Release|x64
		Release|x86 = Release|x86
	EndGlobalSection
	GlobalSection(ProjectConfigurationPlatforms) = postSolution
		{A45624A9-808E-4B9F-B4BC-BA37B0A0A46A}.Debug|x64.ActiveCfg = Debug|x64
		{A45624A9-808E-4B9F-B4BC-BA37B0A0A46A}.Debug|x64.Build.0 = Debug|x64
		{A45624A9-808E-4B9F-B4BC-BA37B0A0A46A}.Debug|x86.ActiveCfg = Debug|Win32
		{A45624A9-808E-4B9F-B4BC-BA37B0A0A46A}.Debug|x86.Build.0 = Debug|Win32
		{A45624A9-808E-4B9F-B4BC-BA37B0A0A46A}.Release|x64.ActiveCfg = Release|x64
		{A45624A9-808E-4B9F-B4BC-BA37B0A0A46A}.Release|x64.Build.0 = Release|x64
		{A45624A9-808E-4B9F-B4BC-BA37B0A0A46A}.Release|x86.ActiveCfg = Release|Win32
		{A45624A9-808E-4B9F-B4BC-BA37B0A0A46A}.Release|x86.Build.0 = Release|Win32
		{0CA7C42E-E27E-4A37-9E1D-B7C6E9C90A4F}.Debug|x64.ActiveCfg = Debug|x64
		{0CA7C42E-E27E-4A37-9E1D-B7C6E9C90A4F}.Debug|x64.Build.0 = Debug|x64
		{0CA7C42E-E27E-4A37-9E1D-B7C6E9C90A4F}.Debug|x86.ActiveCfg = Debug|Win32
		{0CA7C42E-E27E-4A37-9E1D-B7C6E9C90A4F}.Debug|x86.Build.0 = Debug|Win32
		{0CA7C42E-E27E-4A37-9E1D-B7C6E9C90A4F}.Release|x64.ActiveCfg = Release|x64
		{0CA7C42E-E27E-4A37-9E1D-B7C6E9C90A4F}.Release|x64.Build.0 = Release|x64
		{0CA7C42E-E27E-4A37-9E1D-B7C6E9C90A4F}.Release|x86.ActiveCfg = Release|Win32
		{0CA7C42E-E27E-4A37-9E1D-B7C6E9C90A4F}.Release|x86.Build.0 = Release|Win32
		{3C22EFAB-EB9B-4F35-88BC-C3D2655A65D9}.Debug|x64.ActiveCfg = Debug|x64
		{3C22EFAB-EB9B-4F35-88BC-C3D2655A65D9}.Debug|x64.Build.0 = Debug|x64
		{3C22EFAB-EB9B-4F35-88BC-C3D2655A65D9}.Debug|x86.ActiveCfg = Debug|Win32
		{3C22EFAB-EB9B-4F35-88BC-C3D2655A65D9}.Debug|x86.Build.0 = Debug|Win32
		{3C22EFAB-EB9B-4F35-88BC-C3D2655A65D9}.Release|x64.ActiveCfg = Release|x64
		{3C22EFAB-EB9B-4F35-88BC-C3D2655A65D9}.Release|x64.Build.0 = Release|x64
		{3C22EFAB-EB9B-4F35-88BC-C3D2655A65D9}.Release|x86.ActiveCfg = Release|Win32
		{3C22EFAB-EB9B-4F35-88BC-C3D2655A65D9}.Release|x86.Build.0 = Release|Win32
		{F34E15B1-C42B-428F-9DA4-5D347157D52A}.Debug|x64.ActiveCfg = Debug|x64
		{F34E15B1-C42B-428F-9DA4-5D347157D52A}.Debug|x64.Build.0 = Debug|x64
		{F34E15B1-C42B-428F-9DA4-5D347157D52A}.Debug|x86.ActiveCfg = Debug|Win32
		{F34E15B1-C42B-428F-9DA4-5D347157D52A}.Debug|x86.Build.0 = Debug|Win32
		{F34E15B1-C42B-428F-9DA4-5D347157D52A}.Release|x64.ActiveCfg = Release|x64
		{F34E15B1-C42B-428F-9DA4-5D347157D52A}.Release|x64.Build.0 = Release|x64
		{F34E15B1-C42B-428F-9DA4-5D347157D52A}.Release|x86.ActiveCfg = Release|Win32
		{F34E15B1-C42B-428F-9DA4-5D347157D52A}.Release|x86.Build.0 = Release|Win32
		{D5809B1F-F1D4-42FB-A53F-31DAC9786975}.Debug|x64.ActiveCfg = Debug|x64
		{D5809B1F-F1D4-42FB-A53F-31DAC9786975}.Debug|x64.Build.0 = Debug|x64
		{D5809B1F-F1D4-42FB-A53F-31DAC9786975}.Debug|x86.ActiveCfg = Debug|Win32
		{D5809B1F-F1D4-42FB-A53F-31DAC9786975}.Debug|x86.Build.0 = Debug|Win32
		{D5809B1F-F1D4-42FB-A53F-31DAC9786975}.Release|x64.ActiveCfg = Release|x64
		{D5809B1F-F1D4-42FB-A53F-31DAC9786975}.Release|x64.Build.0 = Release|x64
		{D5809B1F-F1D4-42FB-A53F-31DAC9786975}.Release|x86.ActiveCfg = Release|Win32
		{D5809B1F-F1D4-42FB-A53F-31DAC9786975}.Release|x86.Build.0 = Release|Win32
		{BEA32B14-4F55-45B2-887D-B8941BD7EC86}.Debug|x64.ActiveCfg = Debug|x64
		{BEA32B14-4F55-45B2-887D-B8941BD7EC86}.Debug|x64.Build.0 = Debug|x64
		{BEA32B14-4F55-45B2-887D-B8941BD7EC86}.Debug|x86.ActiveCfg = Debug|Win32
		{BEA32B14-4F55-45B2-887D-B8941BD7EC86}.Debug|x86.Build.0 = Debug|Win32
		{BEA32B14-4F55-45B2-887D-B8941BD7EC86}.Release|x64.ActiveCfg = Release|x64
		{BEA32B14-4F55-45B2-887D-B8941BD7EC86}.Release|x64.Build.0 = Release|x64
		{BEA32B14-4F55-45B2-887D-B8941BD7EC86}.Release|x86.ActiveCfg = Release|Win32
		{BEA32B14-4F55-45B2-887D-B8941BD7EC86}.Release|x86.Build.0 = Release|Win32
		{75D82183-27BC-4E73-B272-0FE36012614F}.Debug|x64.ActiveCfg = Debug|x64
		{75D82183-27BC-4E73-B272-0FE36012614F}.Debug|x64.Build.0 = Debug|x64
		{75D82183-27BC-4E73-B272-0FE36012614F}.Debug|x86.ActiveCfg = Debug|Win32
		{75D82183-27BC-4E73-B272-0FE36012614F}.Debug|x86.Build.0 = Debug|Win32
		{75D82183-27BC-4E73-B272-0FE36012614F}.Release|x64.ActiveCfg = Release|x64
		{75D82183-27BC-4E73-B272-0FE36012614F}.Release|x64.Build.0 = Release|x64
		{75D82183-27BC-4E73-B272-0FE36012614F}.Release|x86.ActiveCfg = Release|Win32
		{75D82183-27BC-4E73-B272-0FE36012614F}.Release|x86.Build.0 = Release|Win32
		{EA6F0687-B832-4EB4-B46E-AE3B13ED32DD}.Debug|x64.ActiveCfg = Debug|x64
		{EA6F0687-B832-4EB4-B46E-AE3B13ED32DD}.Debug|x64.Build.0 = Debug|x64
		{EA6F0687-B832-4EB4-B46E-AE3B13ED32DD}.Debug|x86.ActiveCfg = Debug|Win32
		{EA6F0687-B832-4EB4-B46E-AE3B13ED32DD}.Debug|x86.Build.0 = Debug|Win32
		{EA6F0687-B832-4EB4-B46E-AE3B13ED32DD}.Release|x64.ActiveCfg = Release|x64
		{EA6F0687-B832-4EB4-B46E-AE3B13ED32DD}.Release|x64.Build.0 = Release|x64
		{EA6F0687-B832-4EB4-B46E-AE3B13ED32DD}.Release|x86.ActiveCfg = Release|Win32
		{EA6F0687-B832-4EB4-B46E-AE3B13ED32DD}.Release|x86.Build.0 = Release|Win32
		{7BA12EC7-1025-4EC7-BD7E-928455816427}.Debug|x64.ActiveCfg = Debug|x64
		{7BA12EC7-1025-4EC7-BD7E-928455816427}.Debug|x64.Build.0 = Debug|x64
		{7BA12EC7-1025-4EC7-BD7E-928455816427}.Debug|x86.ActiveCfg = Debug|Win32
		{7BA12EC7-1025-4EC7-BD7E-928455816427}.Debug|x86.Build.0 = Debug|Win32
		{7BA12EC7-1025-4EC7-BD7E-928455816427}.Release|x64.ActiveCfg = Release|x64
		{7BA12EC7-1025-4EC7-BD7E-928455816427}.Release|x64.Build.0 = Release|x64
		{7BA12EC7-1025-4EC7-BD7E-928455816427}.Release|x86.ActiveCfg = Release|Win32
		{7BA12EC7-1025-4EC7-BD7E-928455816427}.Release|x86.Build.0 = Release|Win32
		{0EE3C0DA-BFF2-4157-9D46-46783CFD9407}.Debug|x64.ActiveCfg = Debug|x64
		{0EE3C0DA-BFF2-4157-9D46-46783CFD9407}.Debug|x64.Build.0 = Debug|x64
		{0EE3C0DA-BFF2-4157-9D46-46783CFD9407}.Debug|x86.ActiveCfg = Debug|Win32
		{0EE3C0DA-BFF2-4157-9D46-46783CFD9407}.Debug|x86.Build.0 = Debug|Win32
		{0EE3C0DA-BFF2-4157-9D46-46783CFD9407}.Release|x64.ActiveCfg = Release|x64
		{0EE3C0DA-BFF2-4157-9D46-46783CFD9407}.Release|x64.Build.0 = Release|x64
		{0EE3C0DA-BFF2-4157-9D46-46783CFD9407}.Release|x86.ActiveCfg = Release|Win32
		{0EE3C0DA-BFF2-4157-9D46-46783CFD9407}.Release|x86.Build.0 = Release|Win32
		{BDC74A13-0E41-4FF7-ADA0-7437A9945F0F}.Debug|x64.ActiveCfg = Debug|x64
		{BDC74A13-0E41-4FF7-ADA0-7437A9945F0F}.Debug|x64.Build.0 = Debug|x64
		{BDC74A13-0E41-4FF7-ADA0-7437A9945F0F}.Debug|x86.ActiveCfg = Debug|Win32
		{BDC74A13-0E41-4FF7-ADA0-7437A9945F0F}.Debug|x86.Build.0 = Debug|Win32
		{BDC74A13-0E41-4FF7-ADA0-7437A9945F0F}.Release|x64.ActiveCfg = Release|x64
		{BDC74A13-0E41-4FF7-ADA0-7437A9945F0F}.Release|x64.Build.0 = Release|x64
		{BDC74A13-0E41-4FF7-ADA0-7437A9945F0F}.Release|x86.ActiveCfg = Release|Win32
		{BDC74A13-0E41-4FF7-ADA0-7437A9945F0F}.Release|x86.Build.0 = Release|Win32
		{0C586781-2D5E-44A6-85FF-86A2DEA12D63}.Debug|x64.ActiveCfg = Debug|x64
		{0C586781-2D5E-44A6-85FF-86A2DEA12D63}.Debug|x64.Build.0 = Debug|x64
		{0C586781-2D5E-44A6-85FF-86A2DEA12D63}.Debug|x86.ActiveCfg = Debug|Win32
		{0C586781-2D5E-44A6-85FF-86A2DEA12D63}.Debug|x86.Build.0 = Debug|Win32
		{0C586781-2D5E-44A6-85FF-86A2DEA12D63}.Release|x64.ActiveCfg = Release|x64
		{0C586781-2D5E-44A6-85FF-86A2DEA12D63}.Release|x64.Build.0 = Release|x64
		{0C586781-2D5E-44A6-85FF-86A2DEA12D63}.Release|x86.ActiveCfg = Release|Win32
		{0C586781-2D5E-44A6-85FF-86A2DEA12D63}.Release|x86.Build.0 = Release|Win32
		{E7E640B6-2A41-4231-9746-3B42BCF05AFE}.Debug|x64.ActiveCfg = Debug|x64
		{E7E640B6-2A41-4231-9746-3B42BCF05AFE}.Debug|x64.Build.0 = Debug|x64
		{E7E640B6-2A41-4231-9746-3B42BCF05AFE}.Debug|x86.ActiveCfg = Debug|Win32
		{E7E640B6-2A41-4231-9746-3B42BCF05AFE}.Debug|x86.Build.0 = Debug|Win32
		{E7E640B6-2A41-4231-9746-3B42BCF05AFE}.Release|x64.ActiveCfg = Release|x64
		{E7E640B6-2A41-4231-9746-3B42BCF05AFE}.Release|x64.Build.0 = Release|x64
		{E7E640B6-2A41-4231-9746-3B42BCF05AFE}.Release|x86.ActiveCfg = Release|Win32
		{E7E640B6-2A41-4231-9746-3B42BCF05AFE}.Release|x86.Build.0 = Release|Win32
		{D327B921-1F8C-4A40-9503-07898107700C}.Debug|x64.ActiveCfg = Debug|x64
		{D327B921-1F8C-4A40-9503-07898107700C}.Debug|x64.Build.0 = Debug|x64
		{D327B921-1F8C-4A40-9503-07898107700C}.Debug|x86.ActiveCfg = Debug|Win32
		{D327B921-1F8C-4A40-9503-07898107700C}.Debug|x86.Build.0 = Debug|Win32
		{D327B921-1F8C-4A40-9503-07898107700C}.Release|x64.ActiveCfg = Release|x64
		{D327B921-1F8C-4A40-9503-07898107700C}.Release|x64.Build.0 = Release|x64
		{D327B921-1F8C-4A40-9503-07898107700C}.Release|x86.ActiveCfg = Release|Win32
		{D327B921-1F8C-4A40-9503-07898107700C}.Release|x86.Build.0 = Release|Win32
		{DD1D8A08-FA7E-4518-99CA-2234986DD144}.Debug|x64.ActiveCfg = Debug|x64
		{DD1D8A08-FA7E-4518-99CA-2234986DD144}.Debug|x64.Build.0 = Debug|x64
		{DD1D8A08-FA7E-4518-99CA-2234986DD144}.Debug|x86.ActiveCfg = Debug|Win32
		{DD1D8A08-FA7E-4518-99CA-2234986DD144}.Debug|x86.Build.0 = Debug|Win32
		{DD1D8A08-FA7E-4518-99CA-2234986DD144}.Release|x64.ActiveCfg = Release|x64
		{DD1D8A08-FA7E-4518-99CA-2234986DD144}.Release|x64.Build.0 = Release|x64
		{DD1D8A08-FA7E-4518-99CA-2234986DD144}.Release|x86.ActiveCfg = Release|Win32
		{DD1D8A08-FA7E-4518-99CA-2234986DD144}.Release|x86.Build.0 = Release|Win32
		{55D55AF7-C3F5-4A38-B113-CCE0BD3D171C}.Debug|x64.ActiveCfg = Debug|x64
		{55D55AF7-C3F5-4A38-B113-CCE0BD3D171C}.Debug|x64.Build.0 = Debug|x64
		{55D55AF7-C3F5-4A38-B113-CCE0BD3D171C}.Debug|x86.ActiveCfg = Debug|Win32
		{55D55AF7-C3F5-4A38-B113-CCE0BD3D171C}.Debug|x86.Build.0 = Debug|Win32
		{55D55AF7-C3F5-4A38-B113-CCE0BD3D171C}.Release|x64.ActiveCfg = Release|x64
		{55D55AF7-C3F5-4A38-B113-CCE0BD3D171C}.Release|x64.Build.0 = Release|x64
		{55D55AF7-C3F5-4A38-B113-CCE0BD3D171C}.Release|x86.ActiveCfg = Release|Win32
		{55D55AF7-C3F5-4A38-B113-CCE0BD3D171C}.Release|x86.Build.0 = Release|Win32
		{012859A0-B5DF-45F0-8766-8AC76661DD62}.Debug|x64.ActiveCfg = Debug|x64
		{012859A0-B5DF-45F0-8766-8AC76661DD62}.Debug|x64.Build.0 = Debug|x64
		{012859A0-B5DF-45F0-8766-8AC76661DD62}.Debug|x86.ActiveCfg = Debug|Win32
		{012859A0-B5DF-45F0-8766-8AC76661DD62}.Debug|x86.Build.0 = Debug|Win32
		{012859A0-B5DF-45F0-8766-8AC76661DD62}.Release|x64.ActiveCfg = Release|x64
		{012859A0-B5DF-45F0-8766-8AC76661DD62}.Release|x64.Build.0 = Release|x64
		{012859A0-B5DF-45F0-8766-8AC76661DD62}.Release|x86.ActiveCfg = Release|Win32
		{012859A0-B5DF-45F0-8766-8AC76661DD62}.Release|x86.Build.0 = Release|Win32
		{99F378BC-6211-49AA-AC3E-80BD89867CFE}.Debug|x64.ActiveCfg = Debug|x64
		{99F378BC-6211-49AA-AC3E-80BD89867CFE}.Debug|x64.Build.0 = Debug|x64
		{99F378BC-6211-49AA-AC3E-80BD89867CFE}.Debug|x86.ActiveCfg = Debug|Win32
		{99F378BC-6211-49AA-AC3E-80BD89867CFE}.Debug|x86.Build.0 = Debug|Win32
		{99F378BC-6211-49AA-AC3E-80BD89867CFE}.Release|x64.ActiveCfg = Release|x64
		{99F378BC-6211-49AA-AC3E-80BD89867CFE}.Release|x64.Build.0 = Release|x64
		{99F378BC-6211-49AA-AC3E-80BD89867CFE}.Release|x86.ActiveCfg = Release|Win32
		{99F378BC-6211-49AA-AC3E-80BD89867CFE}.Release|x86.Build.0 = Release|Win32
		{EA7BEBC2-7F58-4952-B948-A1EB30F2E6DD}.Debug|x64.ActiveCfg = Debug|x64
		{EA7BEBC2-7F58-4952-B948-A1EB30F2E6DD}.Debug|x64.Build.0 = Debug|x64
		{EA7BEBC2-7F58-4952-B948-A1EB30F2E6DD}.Debug|x86.ActiveCfg = Debug|Win32
		{EA7BEBC2-7F58-4952-B948-A1EB30F2E6DD}.Debug|x86.Build.0 = Debug|Win32
		{EA7BEBC2-7F58-4952-B948-A1EB30F2E6DD}.Release|x64.ActiveCfg = Release|x64
		{EA7BEBC2-7F58-4952-B948-A1EB30F2E6DD}.Release|x64.Build.0 = Release|x64
		{EA7BEBC2-7F58-4952-B948-A1EB30F2E6DD}.Release|x86.ActiveCfg = Release|Win32
		{EA7BEBC2-7F58-4952-B948-A1EB30F2E6DD}.Release|x86.Build.0 = Release|Win32
		{736CDAAF-1E9B-4595-9C26-EBFF0D58B7AC}.Debug|x64.ActiveCfg = Debug|x64
		{736CDAAF-1E9B-4595-9C26-EBFF0D58B7AC}.Debug|x64.Build.0 = Debug|x64
		{736CDAAF-1E9B-4595-9C26-EBFF0D58B7AC}.Debug|x86.ActiveCfg = Debug|Win32
		{736CDAAF-1E9B-4595-9C26-EBFF0D58B7AC}.Debug|x86.Build.0 = Debug|Win32
		{736CDAAF-1E9B-4595-9C26-EBFF0D58B7AC}.Release|x64.ActiveCfg = Release|x64
		{736CDAAF-1E9B-4595-9C26-EBFF0D58B7AC}.Release|x64.Build.0 = Release|x64
		{736CDAAF-1E9B-4595-9C26-EBFF0D58B7AC}.Release|x86.ActiveCfg = Release|Win32
		{736CDAAF-1E9B-4595-9C26-EBFF0D58B7AC}.Release|x86.Build.0 = Release|Win32
	EndGlobalSection
	GlobalSection(SolutionProperties) = preSolution
		HideSolutionNode = FALSE
	EndGlobalSection
	GlobalSection(ExtensibilityGlobals) = postSolution
		SolutionGuid = {0E478CA8-C205-4A13-8ED5-D77DF4B18041}
	EndGlobalSection
EndGlobal
